
Microsoft Visual Studio Solution File, Format Version 12.00
# Visual Studio Version 17
VisualStudioVersion = 17.4.33103.184
MinimumVisualStudioVersion = 10.0.40219.1
Project("{FAE04EC0-301F-11D3-BF4B-00C04F79EFBC}") = "PracticaPOO+", "Ejemplo3\PracticaPOO+.csproj", "{A1903561-304E-4329-9989-2A012EBB6D18}"
EndProject
Global
	GlobalSection(SolutionConfigurationPlatforms) = preSolution
		Debug|Any CPU = Debug|Any CPU
		Release|Any CPU = Release|Any CPU
	EndGlobalSection
	GlobalSection(ProjectConfigurationPlatforms) = postSolution
		{A1903561-304E-4329-9989-2A012EBB6D18}.Debug|Any CPU.ActiveCfg = Debug|Any CPU
		{A1903561-304E-4329-9989-2A012EBB6D18}.Debug|Any CPU.Build.0 = Debug|Any CPU
		{A1903561-304E-4329-9989-2A012EBB6D18}.Release|Any CPU.ActiveCfg = Release|Any CPU
		{A1903561-304E-4329-9989-2A012EBB6D18}.Release|Any CPU.Build.0 = Release|Any CPU
	EndGlobalSection
	GlobalSection(SolutionProperties) = preSolution
		HideSolutionNode = FALSE
	EndGlobalSection
	GlobalSection(ExtensibilityGlobals) = postSolution
		SolutionGuid = {6F6749D6-5905-43DF-BE2F-203020CFC98B}
	EndGlobalSection
EndGlobal
